// !$*UTF8*$!
{
	archiveVersion = 1;
	classes = {
	};
	objectVersion = 50;
	objects = {

/* Begin PBXBuildFile section */
		847C45F922CB895200C13921 /* Extensions.swift in Sources */ = {isa = PBXBuildFile; fileRef = 847C45F822CB895200C13921 /* Extensions.swift */; };
		848ABC0522C999E800DAFEC3 /* Goals.swift in Sources */ = {isa = PBXBuildFile; fileRef = 848ABC0422C999E700DAFEC3 /* Goals.swift */; };
		848ABC0722CA062000DAFEC3 /* Date.swift in Sources */ = {isa = PBXBuildFile; fileRef = 848ABC0622CA062000DAFEC3 /* Date.swift */; };
		848ABC0922CA235B00DAFEC3 /* NewGoalCell.swift in Sources */ = {isa = PBXBuildFile; fileRef = 848ABC0822CA235B00DAFEC3 /* NewGoalCell.swift */; };
		848ABC0B22CA286700DAFEC3 /* GoalCell.swift in Sources */ = {isa = PBXBuildFile; fileRef = 848ABC0A22CA286700DAFEC3 /* GoalCell.swift */; };
		848ABC0D22CA2D2200DAFEC3 /* PublicFunctions.swift in Sources */ = {isa = PBXBuildFile; fileRef = 848ABC0C22CA2D2200DAFEC3 /* PublicFunctions.swift */; };
		848ABC0F22CA75D100DAFEC3 /* NewGoalController.swift in Sources */ = {isa = PBXBuildFile; fileRef = 848ABC0E22CA75D100DAFEC3 /* NewGoalController.swift */; };
		849D11B122C52FF200B638A9 /* AppDelegate.swift in Sources */ = {isa = PBXBuildFile; fileRef = 849D11B022C52FF200B638A9 /* AppDelegate.swift */; };
		849D11B322C52FF200B638A9 /* LoginController.swift in Sources */ = {isa = PBXBuildFile; fileRef = 849D11B222C52FF200B638A9 /* LoginController.swift */; };
		849D11B822C52FF500B638A9 /* Assets.xcassets in Resources */ = {isa = PBXBuildFile; fileRef = 849D11B722C52FF500B638A9 /* Assets.xcassets */; };
		849D11BB22C52FF500B638A9 /* LaunchScreen.storyboard in Resources */ = {isa = PBXBuildFile; fileRef = 849D11B922C52FF500B638A9 /* LaunchScreen.storyboard */; };
		849D11C622C52FF500B638A9 /* RoundUpFeature_StarlingBankTests.swift in Sources */ = {isa = PBXBuildFile; fileRef = 849D11C522C52FF500B638A9 /* RoundUpFeature_StarlingBankTests.swift */; };
		849D11D122C52FF500B638A9 /* RoundUpFeature_StarlingBankUITests.swift in Sources */ = {isa = PBXBuildFile; fileRef = 849D11D022C52FF500B638A9 /* RoundUpFeature_StarlingBankUITests.swift */; };
		849D11E722C539FE00B638A9 /* UIView+Layout.swift in Sources */ = {isa = PBXBuildFile; fileRef = 849D11E622C539FE00B638A9 /* UIView+Layout.swift */; };
		849D11E922C53A3500B638A9 /* TransactionFeedController.swift in Sources */ = {isa = PBXBuildFile; fileRef = 849D11E822C53A3500B638A9 /* TransactionFeedController.swift */; };
		849D11EB22C5568E00B638A9 /* CustomTextField.swift in Sources */ = {isa = PBXBuildFile; fileRef = 849D11EA22C5568E00B638A9 /* CustomTextField.swift */; };
		849D11EE22C5632D00B638A9 /* Service.swift in Sources */ = {isa = PBXBuildFile; fileRef = 849D11ED22C5632D00B638A9 /* Service.swift */; };
		849D11F122C5666800B638A9 /* Accounts.swift in Sources */ = {isa = PBXBuildFile; fileRef = 849D11F022C5666800B638A9 /* Accounts.swift */; };
		849D11F422C57ED200B638A9 /* TransactionHeaderView.swift in Sources */ = {isa = PBXBuildFile; fileRef = 849D11F322C57ED200B638A9 /* TransactionHeaderView.swift */; };
		849D11F722C583FF00B638A9 /* TransactionHeadingCell.swift in Sources */ = {isa = PBXBuildFile; fileRef = 849D11F622C583FF00B638A9 /* TransactionHeadingCell.swift */; };
		849D11F922C5856300B638A9 /* TransactionCell.swift in Sources */ = {isa = PBXBuildFile; fileRef = 849D11F822C5856300B638A9 /* TransactionCell.swift */; };
		849D11FB22C7810300B638A9 /* GoalsController.swift in Sources */ = {isa = PBXBuildFile; fileRef = 849D11FA22C7810300B638A9 /* GoalsController.swift */; };
		849D11FD22C782B600B638A9 /* GoalsHeaderCell.swift in Sources */ = {isa = PBXBuildFile; fileRef = 849D11FC22C782B600B638A9 /* GoalsHeaderCell.swift */; };
		84C4A7CF22C95727008BB587 /* Transactions.swift in Sources */ = {isa = PBXBuildFile; fileRef = 84C4A7CE22C95727008BB587 /* Transactions.swift */; };
/* End PBXBuildFile section */

/* Begin PBXContainerItemProxy section */
		849D11C222C52FF500B638A9 /* PBXContainerItemProxy */ = {
			isa = PBXContainerItemProxy;
			containerPortal = 849D11A522C52FF200B638A9 /* Project object */;
			proxyType = 1;
			remoteGlobalIDString = 849D11AC22C52FF200B638A9;
			remoteInfo = RoundUpFeature_StarlingBank;
		};
		849D11CD22C52FF500B638A9 /* PBXContainerItemProxy */ = {
			isa = PBXContainerItemProxy;
			containerPortal = 849D11A522C52FF200B638A9 /* Project object */;
			proxyType = 1;
			remoteGlobalIDString = 849D11AC22C52FF200B638A9;
			remoteInfo = RoundUpFeature_StarlingBank;
		};
/* End PBXContainerItemProxy section */

/* Begin PBXFileReference section */
		847C45F822CB895200C13921 /* Extensions.swift */ = {isa = PBXFileReference; lastKnownFileType = sourcecode.swift; path = Extensions.swift; sourceTree = "<group>"; };
		848ABC0422C999E700DAFEC3 /* Goals.swift */ = {isa = PBXFileReference; lastKnownFileType = sourcecode.swift; path = Goals.swift; sourceTree = "<group>"; };
		848ABC0622CA062000DAFEC3 /* Date.swift */ = {isa = PBXFileReference; lastKnownFileType = sourcecode.swift; path = Date.swift; sourceTree = "<group>"; };
		848ABC0822CA235B00DAFEC3 /* NewGoalCell.swift */ = {isa = PBXFileReference; lastKnownFileType = sourcecode.swift; path = NewGoalCell.swift; sourceTree = "<group>"; };
		848ABC0A22CA286700DAFEC3 /* GoalCell.swift */ = {isa = PBXFileReference; lastKnownFileType = sourcecode.swift; path = GoalCell.swift; sourceTree = "<group>"; };
		848ABC0C22CA2D2200DAFEC3 /* PublicFunctions.swift */ = {isa = PBXFileReference; lastKnownFileType = sourcecode.swift; path = PublicFunctions.swift; sourceTree = "<group>"; };
		848ABC0E22CA75D100DAFEC3 /* NewGoalController.swift */ = {isa = PBXFileReference; lastKnownFileType = sourcecode.swift; path = NewGoalController.swift; sourceTree = "<group>"; };
		849D11AD22C52FF200B638A9 /* RoundUpFeature_StarlingBank.app */ = {isa = PBXFileReference; explicitFileType = wrapper.application; includeInIndex = 0; path = RoundUpFeature_StarlingBank.app; sourceTree = BUILT_PRODUCTS_DIR; };
		849D11B022C52FF200B638A9 /* AppDelegate.swift */ = {isa = PBXFileReference; lastKnownFileType = sourcecode.swift; path = AppDelegate.swift; sourceTree = "<group>"; };
		849D11B222C52FF200B638A9 /* LoginController.swift */ = {isa = PBXFileReference; lastKnownFileType = sourcecode.swift; path = LoginController.swift; sourceTree = "<group>"; };
		849D11B722C52FF500B638A9 /* Assets.xcassets */ = {isa = PBXFileReference; lastKnownFileType = folder.assetcatalog; path = Assets.xcassets; sourceTree = "<group>"; };
		849D11BA22C52FF500B638A9 /* Base */ = {isa = PBXFileReference; lastKnownFileType = file.storyboard; name = Base; path = Base.lproj/LaunchScreen.storyboard; sourceTree = "<group>"; };
		849D11BC22C52FF500B638A9 /* Info.plist */ = {isa = PBXFileReference; lastKnownFileType = text.plist.xml; path = Info.plist; sourceTree = "<group>"; };
		849D11C122C52FF500B638A9 /* RoundUpFeature_StarlingBankTests.xctest */ = {isa = PBXFileReference; explicitFileType = wrapper.cfbundle; includeInIndex = 0; path = RoundUpFeature_StarlingBankTests.xctest; sourceTree = BUILT_PRODUCTS_DIR; };
		849D11C522C52FF500B638A9 /* RoundUpFeature_StarlingBankTests.swift */ = {isa = PBXFileReference; lastKnownFileType = sourcecode.swift; path = RoundUpFeature_StarlingBankTests.swift; sourceTree = "<group>"; };
		849D11C722C52FF500B638A9 /* Info.plist */ = {isa = PBXFileReference; lastKnownFileType = text.plist.xml; path = Info.plist; sourceTree = "<group>"; };
		849D11CC22C52FF500B638A9 /* RoundUpFeature_StarlingBankUITests.xctest */ = {isa = PBXFileReference; explicitFileType = wrapper.cfbundle; includeInIndex = 0; path = RoundUpFeature_StarlingBankUITests.xctest; sourceTree = BUILT_PRODUCTS_DIR; };
		849D11D022C52FF500B638A9 /* RoundUpFeature_StarlingBankUITests.swift */ = {isa = PBXFileReference; lastKnownFileType = sourcecode.swift; path = RoundUpFeature_StarlingBankUITests.swift; sourceTree = "<group>"; };
		849D11D222C52FF500B638A9 /* Info.plist */ = {isa = PBXFileReference; lastKnownFileType = text.plist.xml; path = Info.plist; sourceTree = "<group>"; };
		849D11E622C539FE00B638A9 /* UIView+Layout.swift */ = {isa = PBXFileReference; lastKnownFileType = sourcecode.swift; path = "UIView+Layout.swift"; sourceTree = "<group>"; };
		849D11E822C53A3500B638A9 /* TransactionFeedController.swift */ = {isa = PBXFileReference; lastKnownFileType = sourcecode.swift; path = TransactionFeedController.swift; sourceTree = "<group>"; };
		849D11EA22C5568E00B638A9 /* CustomTextField.swift */ = {isa = PBXFileReference; lastKnownFileType = sourcecode.swift; path = CustomTextField.swift; sourceTree = "<group>"; };
		849D11ED22C5632D00B638A9 /* Service.swift */ = {isa = PBXFileReference; lastKnownFileType = sourcecode.swift; path = Service.swift; sourceTree = "<group>"; };
		849D11F022C5666800B638A9 /* Accounts.swift */ = {isa = PBXFileReference; lastKnownFileType = sourcecode.swift; path = Accounts.swift; sourceTree = "<group>"; };
		849D11F322C57ED200B638A9 /* TransactionHeaderView.swift */ = {isa = PBXFileReference; lastKnownFileType = sourcecode.swift; path = TransactionHeaderView.swift; sourceTree = "<group>"; };
		849D11F622C583FF00B638A9 /* TransactionHeadingCell.swift */ = {isa = PBXFileReference; lastKnownFileType = sourcecode.swift; path = TransactionHeadingCell.swift; sourceTree = "<group>"; };
		849D11F822C5856300B638A9 /* TransactionCell.swift */ = {isa = PBXFileReference; lastKnownFileType = sourcecode.swift; path = TransactionCell.swift; sourceTree = "<group>"; };
		849D11FA22C7810300B638A9 /* GoalsController.swift */ = {isa = PBXFileReference; lastKnownFileType = sourcecode.swift; path = GoalsController.swift; sourceTree = "<group>"; };
		849D11FC22C782B600B638A9 /* GoalsHeaderCell.swift */ = {isa = PBXFileReference; lastKnownFileType = sourcecode.swift; path = GoalsHeaderCell.swift; sourceTree = "<group>"; };
		84C4A7CE22C95727008BB587 /* Transactions.swift */ = {isa = PBXFileReference; lastKnownFileType = sourcecode.swift; path = Transactions.swift; sourceTree = "<group>"; };
/* End PBXFileReference section */

/* Begin PBXFrameworksBuildPhase section */
		849D11AA22C52FF200B638A9 /* Frameworks */ = {
			isa = PBXFrameworksBuildPhase;
			buildActionMask = 2147483647;
			files = (
			);
			runOnlyForDeploymentPostprocessing = 0;
		};
		849D11BE22C52FF500B638A9 /* Frameworks */ = {
			isa = PBXFrameworksBuildPhase;
			buildActionMask = 2147483647;
			files = (
			);
			runOnlyForDeploymentPostprocessing = 0;
		};
		849D11C922C52FF500B638A9 /* Frameworks */ = {
			isa = PBXFrameworksBuildPhase;
			buildActionMask = 2147483647;
			files = (
			);
			runOnlyForDeploymentPostprocessing = 0;
		};
/* End PBXFrameworksBuildPhase section */

/* Begin PBXGroup section */
		847C45FA22CB931C00C13921 /* Login */ = {
			isa = PBXGroup;
			children = (
				849D11B222C52FF200B638A9 /* LoginController.swift */,
			);
			path = Login;
			sourceTree = "<group>";
		};
		847C45FB22CB932900C13921 /* Goals */ = {
			isa = PBXGroup;
			children = (
				849D11FA22C7810300B638A9 /* GoalsController.swift */,
				848ABC0E22CA75D100DAFEC3 /* NewGoalController.swift */,
			);
			path = Goals;
			sourceTree = "<group>";
		};
		847C45FC22CB934200C13921 /* Transactions */ = {
			isa = PBXGroup;
			children = (
				849D11E822C53A3500B638A9 /* TransactionFeedController.swift */,
			);
			path = Transactions;
			sourceTree = "<group>";
		};
		847C45FD22CB935700C13921 /* Transactions */ = {
			isa = PBXGroup;
			children = (
				849D11F322C57ED200B638A9 /* TransactionHeaderView.swift */,
				849D11F622C583FF00B638A9 /* TransactionHeadingCell.swift */,
				849D11F822C5856300B638A9 /* TransactionCell.swift */,
			);
			path = Transactions;
			sourceTree = "<group>";
		};
		847C45FF22CB937200C13921 /* Goals */ = {
			isa = PBXGroup;
			children = (
				849D11FC22C782B600B638A9 /* GoalsHeaderCell.swift */,
				848ABC0822CA235B00DAFEC3 /* NewGoalCell.swift */,
				848ABC0A22CA286700DAFEC3 /* GoalCell.swift */,
			);
			path = Goals;
			sourceTree = "<group>";
		};
		849D11A422C52FF200B638A9 = {
			isa = PBXGroup;
			children = (
				849D11AF22C52FF200B638A9 /* RoundUpFeature_StarlingBank */,
				849D11C422C52FF500B638A9 /* RoundUpFeature_StarlingBankTests */,
				849D11CF22C52FF500B638A9 /* RoundUpFeature_StarlingBankUITests */,
				849D11AE22C52FF200B638A9 /* Products */,
			);
			sourceTree = "<group>";
		};
		849D11AE22C52FF200B638A9 /* Products */ = {
			isa = PBXGroup;
			children = (
				849D11AD22C52FF200B638A9 /* RoundUpFeature_StarlingBank.app */,
				849D11C122C52FF500B638A9 /* RoundUpFeature_StarlingBankTests.xctest */,
				849D11CC22C52FF500B638A9 /* RoundUpFeature_StarlingBankUITests.xctest */,
			);
			name = Products;
			sourceTree = "<group>";
		};
		849D11AF22C52FF200B638A9 /* RoundUpFeature_StarlingBank */ = {
			isa = PBXGroup;
			children = (
				849D11B022C52FF200B638A9 /* AppDelegate.swift */,
				849D11E522C539E200B638A9 /* Helpers */,
				849D11EC22C562D600B638A9 /* Service */,
				849D11EF22C5664D00B638A9 /* Model */,
				849D11F222C57E8700B638A9 /* Views */,
				849D11DE22C5389A00B638A9 /* Controllers */,
				849D11B722C52FF500B638A9 /* Assets.xcassets */,
				849D11B922C52FF500B638A9 /* LaunchScreen.storyboard */,
				849D11BC22C52FF500B638A9 /* Info.plist */,
			);
			path = RoundUpFeature_StarlingBank;
			sourceTree = "<group>";
		};
		849D11C422C52FF500B638A9 /* RoundUpFeature_StarlingBankTests */ = {
			isa = PBXGroup;
			children = (
				849D11C522C52FF500B638A9 /* RoundUpFeature_StarlingBankTests.swift */,
				849D11C722C52FF500B638A9 /* Info.plist */,
			);
			path = RoundUpFeature_StarlingBankTests;
			sourceTree = "<group>";
		};
		849D11CF22C52FF500B638A9 /* RoundUpFeature_StarlingBankUITests */ = {
			isa = PBXGroup;
			children = (
				849D11D022C52FF500B638A9 /* RoundUpFeature_StarlingBankUITests.swift */,
				849D11D222C52FF500B638A9 /* Info.plist */,
			);
			path = RoundUpFeature_StarlingBankUITests;
			sourceTree = "<group>";
		};
		849D11DE22C5389A00B638A9 /* Controllers */ = {
			isa = PBXGroup;
			children = (
				847C45FC22CB934200C13921 /* Transactions */,
				847C45FB22CB932900C13921 /* Goals */,
				847C45FA22CB931C00C13921 /* Login */,
			);
			path = Controllers;
			sourceTree = "<group>";
		};
		849D11E522C539E200B638A9 /* Helpers */ = {
			isa = PBXGroup;
			children = (
				849D11E622C539FE00B638A9 /* UIView+Layout.swift */,
				849D11EA22C5568E00B638A9 /* CustomTextField.swift */,
				848ABC0622CA062000DAFEC3 /* Date.swift */,
				848ABC0C22CA2D2200DAFEC3 /* PublicFunctions.swift */,
				847C45F822CB895200C13921 /* Extensions.swift */,
			);
			path = Helpers;
			sourceTree = "<group>";
		};
		849D11EC22C562D600B638A9 /* Service */ = {
			isa = PBXGroup;
			children = (
				849D11ED22C5632D00B638A9 /* Service.swift */,
			);
			path = Service;
			sourceTree = "<group>";
		};
		849D11EF22C5664D00B638A9 /* Model */ = {
			isa = PBXGroup;
			children = (
				849D11F022C5666800B638A9 /* Accounts.swift */,
				84C4A7CE22C95727008BB587 /* Transactions.swift */,
				848ABC0422C999E700DAFEC3 /* Goals.swift */,
			);
			path = Model;
			sourceTree = "<group>";
		};
		849D11F222C57E8700B638A9 /* Views */ = {
			isa = PBXGroup;
			children = (
				847C45FF22CB937200C13921 /* Goals */,
				847C45FD22CB935700C13921 /* Transactions */,
			);
			path = Views;
			sourceTree = "<group>";
		};
/* End PBXGroup section */

/* Begin PBXNativeTarget section */
		849D11AC22C52FF200B638A9 /* RoundUpFeature_StarlingBank */ = {
			isa = PBXNativeTarget;
			buildConfigurationList = 849D11D522C52FF500B638A9 /* Build configuration list for PBXNativeTarget "RoundUpFeature_StarlingBank" */;
			buildPhases = (
				849D11A922C52FF200B638A9 /* Sources */,
				849D11AA22C52FF200B638A9 /* Frameworks */,
				849D11AB22C52FF200B638A9 /* Resources */,
			);
			buildRules = (
			);
			dependencies = (
			);
			name = RoundUpFeature_StarlingBank;
			productName = RoundUpFeature_StarlingBank;
			productReference = 849D11AD22C52FF200B638A9 /* RoundUpFeature_StarlingBank.app */;
			productType = "com.apple.product-type.application";
		};
		849D11C022C52FF500B638A9 /* RoundUpFeature_StarlingBankTests */ = {
			isa = PBXNativeTarget;
			buildConfigurationList = 849D11D822C52FF500B638A9 /* Build configuration list for PBXNativeTarget "RoundUpFeature_StarlingBankTests" */;
			buildPhases = (
				849D11BD22C52FF500B638A9 /* Sources */,
				849D11BE22C52FF500B638A9 /* Frameworks */,
				849D11BF22C52FF500B638A9 /* Resources */,
			);
			buildRules = (
			);
			dependencies = (
				849D11C322C52FF500B638A9 /* PBXTargetDependency */,
			);
			name = RoundUpFeature_StarlingBankTests;
			productName = RoundUpFeature_StarlingBankTests;
			productReference = 849D11C122C52FF500B638A9 /* RoundUpFeature_StarlingBankTests.xctest */;
			productType = "com.apple.product-type.bundle.unit-test";
		};
		849D11CB22C52FF500B638A9 /* RoundUpFeature_StarlingBankUITests */ = {
			isa = PBXNativeTarget;
			buildConfigurationList = 849D11DB22C52FF500B638A9 /* Build configuration list for PBXNativeTarget "RoundUpFeature_StarlingBankUITests" */;
			buildPhases = (
				849D11C822C52FF500B638A9 /* Sources */,
				849D11C922C52FF500B638A9 /* Frameworks */,
				849D11CA22C52FF500B638A9 /* Resources */,
			);
			buildRules = (
			);
			dependencies = (
				849D11CE22C52FF500B638A9 /* PBXTargetDependency */,
			);
			name = RoundUpFeature_StarlingBankUITests;
			productName = RoundUpFeature_StarlingBankUITests;
			productReference = 849D11CC22C52FF500B638A9 /* RoundUpFeature_StarlingBankUITests.xctest */;
			productType = "com.apple.product-type.bundle.ui-testing";
		};
/* End PBXNativeTarget section */

/* Begin PBXProject section */
		849D11A522C52FF200B638A9 /* Project object */ = {
			isa = PBXProject;
			attributes = {
				LastSwiftUpdateCheck = 1020;
				LastUpgradeCheck = 1020;
				ORGANIZATIONNAME = "Muhammad Shahrukh";
				TargetAttributes = {
					849D11AC22C52FF200B638A9 = {
						CreatedOnToolsVersion = 10.2.1;
					};
					849D11C022C52FF500B638A9 = {
						CreatedOnToolsVersion = 10.2.1;
						TestTargetID = 849D11AC22C52FF200B638A9;
					};
					849D11CB22C52FF500B638A9 = {
						CreatedOnToolsVersion = 10.2.1;
						TestTargetID = 849D11AC22C52FF200B638A9;
					};
				};
			};
			buildConfigurationList = 849D11A822C52FF200B638A9 /* Build configuration list for PBXProject "RoundUpFeature_StarlingBank" */;
			compatibilityVersion = "Xcode 9.3";
			developmentRegion = en;
			hasScannedForEncodings = 0;
			knownRegions = (
				en,
				Base,
			);
			mainGroup = 849D11A422C52FF200B638A9;
			productRefGroup = 849D11AE22C52FF200B638A9 /* Products */;
			projectDirPath = "";
			projectRoot = "";
			targets = (
				849D11AC22C52FF200B638A9 /* RoundUpFeature_StarlingBank */,
				849D11C022C52FF500B638A9 /* RoundUpFeature_StarlingBankTests */,
				849D11CB22C52FF500B638A9 /* RoundUpFeature_StarlingBankUITests */,
			);
		};
/* End PBXProject section */

/* Begin PBXResourcesBuildPhase section */
		849D11AB22C52FF200B638A9 /* Resources */ = {
			isa = PBXResourcesBuildPhase;
			buildActionMask = 2147483647;
			files = (
				849D11BB22C52FF500B638A9 /* LaunchScreen.storyboard in Resources */,
				849D11B822C52FF500B638A9 /* Assets.xcassets in Resources */,
			);
			runOnlyForDeploymentPostprocessing = 0;
		};
		849D11BF22C52FF500B638A9 /* Resources */ = {
			isa = PBXResourcesBuildPhase;
			buildActionMask = 2147483647;
			files = (
			);
			runOnlyForDeploymentPostprocessing = 0;
		};
		849D11CA22C52FF500B638A9 /* Resources */ = {
			isa = PBXResourcesBuildPhase;
			buildActionMask = 2147483647;
			files = (
			);
			runOnlyForDeploymentPostprocessing = 0;
		};
/* End PBXResourcesBuildPhase section */

/* Begin PBXSourcesBuildPhase section */
		849D11A922C52FF200B638A9 /* Sources */ = {
			isa = PBXSourcesBuildPhase;
			buildActionMask = 2147483647;
			files = (
				848ABC0F22CA75D100DAFEC3 /* NewGoalController.swift in Sources */,
				848ABC0522C999E800DAFEC3 /* Goals.swift in Sources */,
				848ABC0722CA062000DAFEC3 /* Date.swift in Sources */,
				849D11F722C583FF00B638A9 /* TransactionHeadingCell.swift in Sources */,
				84C4A7CF22C95727008BB587 /* Transactions.swift in Sources */,
				849D11E922C53A3500B638A9 /* TransactionFeedController.swift in Sources */,
				849D11B322C52FF200B638A9 /* LoginController.swift in Sources */,
				849D11EE22C5632D00B638A9 /* Service.swift in Sources */,
				848ABC0D22CA2D2200DAFEC3 /* PublicFunctions.swift in Sources */,
				848ABC0922CA235B00DAFEC3 /* NewGoalCell.swift in Sources */,
				849D11FD22C782B600B638A9 /* GoalsHeaderCell.swift in Sources */,
				849D11F422C57ED200B638A9 /* TransactionHeaderView.swift in Sources */,
				849D11B122C52FF200B638A9 /* AppDelegate.swift in Sources */,
				848ABC0B22CA286700DAFEC3 /* GoalCell.swift in Sources */,
				849D11E722C539FE00B638A9 /* UIView+Layout.swift in Sources */,
				847C45F922CB895200C13921 /* Extensions.swift in Sources */,
				849D11EB22C5568E00B638A9 /* CustomTextField.swift in Sources */,
				849D11FB22C7810300B638A9 /* GoalsController.swift in Sources */,
				849D11F922C5856300B638A9 /* TransactionCell.swift in Sources */,
				849D11F122C5666800B638A9 /* Accounts.swift in Sources */,
			);
			runOnlyForDeploymentPostprocessing = 0;
		};
		849D11BD22C52FF500B638A9 /* Sources */ = {
			isa = PBXSourcesBuildPhase;
			buildActionMask = 2147483647;
			files = (
				849D11C622C52FF500B638A9 /* RoundUpFeature_StarlingBankTests.swift in Sources */,
			);
			runOnlyForDeploymentPostprocessing = 0;
		};
		849D11C822C52FF500B638A9 /* Sources */ = {
			isa = PBXSourcesBuildPhase;
			buildActionMask = 2147483647;
			files = (
				849D11D122C52FF500B638A9 /* RoundUpFeature_StarlingBankUITests.swift in Sources */,
			);
			runOnlyForDeploymentPostprocessing = 0;
		};
/* End PBXSourcesBuildPhase section */

/* Begin PBXTargetDependency section */
		849D11C322C52FF500B638A9 /* PBXTargetDependency */ = {
			isa = PBXTargetDependency;
			target = 849D11AC22C52FF200B638A9 /* RoundUpFeature_StarlingBank */;
			targetProxy = 849D11C222C52FF500B638A9 /* PBXContainerItemProxy */;
		};
		849D11CE22C52FF500B638A9 /* PBXTargetDependency */ = {
			isa = PBXTargetDependency;
			target = 849D11AC22C52FF200B638A9 /* RoundUpFeature_StarlingBank */;
			targetProxy = 849D11CD22C52FF500B638A9 /* PBXContainerItemProxy */;
		};
/* End PBXTargetDependency section */

/* Begin PBXVariantGroup section */
		849D11B922C52FF500B638A9 /* LaunchScreen.storyboard */ = {
			isa = PBXVariantGroup;
			children = (
				849D11BA22C52FF500B638A9 /* Base */,
			);
			name = LaunchScreen.storyboard;
			sourceTree = "<group>";
		};
/* End PBXVariantGroup section */

/* Begin XCBuildConfiguration section */
		849D11D322C52FF500B638A9 /* Debug */ = {
			isa = XCBuildConfiguration;
			buildSettings = {
				ALWAYS_SEARCH_USER_PATHS = NO;
				CLANG_ANALYZER_NONNULL = YES;
				CLANG_ANALYZER_NUMBER_OBJECT_CONVERSION = YES_AGGRESSIVE;
				CLANG_CXX_LANGUAGE_STANDARD = "gnu++14";
				CLANG_CXX_LIBRARY = "libc++";
				CLANG_ENABLE_MODULES = YES;
				CLANG_ENABLE_OBJC_ARC = YES;
				CLANG_ENABLE_OBJC_WEAK = YES;
				CLANG_WARN_BLOCK_CAPTURE_AUTORELEASING = YES;
				CLANG_WARN_BOOL_CONVERSION = YES;
				CLANG_WARN_COMMA = YES;
				CLANG_WARN_CONSTANT_CONVERSION = YES;
				CLANG_WARN_DEPRECATED_OBJC_IMPLEMENTATIONS = YES;
				CLANG_WARN_DIRECT_OBJC_ISA_USAGE = YES_ERROR;
				CLANG_WARN_DOCUMENTATION_COMMENTS = YES;
				CLANG_WARN_EMPTY_BODY = YES;
				CLANG_WARN_ENUM_CONVERSION = YES;
				CLANG_WARN_INFINITE_RECURSION = YES;
				CLANG_WARN_INT_CONVERSION = YES;
				CLANG_WARN_NON_LITERAL_NULL_CONVERSION = YES;
				CLANG_WARN_OBJC_IMPLICIT_RETAIN_SELF = YES;
				CLANG_WARN_OBJC_LITERAL_CONVERSION = YES;
				CLANG_WARN_OBJC_ROOT_CLASS = YES_ERROR;
				CLANG_WARN_RANGE_LOOP_ANALYSIS = YES;
				CLANG_WARN_STRICT_PROTOTYPES = YES;
				CLANG_WARN_SUSPICIOUS_MOVE = YES;
				CLANG_WARN_UNGUARDED_AVAILABILITY = YES_AGGRESSIVE;
				CLANG_WARN_UNREACHABLE_CODE = YES;
				CLANG_WARN__DUPLICATE_METHOD_MATCH = YES;
				CODE_SIGN_IDENTITY = "iPhone Developer";
				COPY_PHASE_STRIP = NO;
				DEBUG_INFORMATION_FORMAT = dwarf;
				ENABLE_STRICT_OBJC_MSGSEND = YES;
				ENABLE_TESTABILITY = YES;
				GCC_C_LANGUAGE_STANDARD = gnu11;
				GCC_DYNAMIC_NO_PIC = NO;
				GCC_NO_COMMON_BLOCKS = YES;
				GCC_OPTIMIZATION_LEVEL = 0;
				GCC_PREPROCESSOR_DEFINITIONS = (
					"DEBUG=1",
					"$(inherited)",
				);
				GCC_WARN_64_TO_32_BIT_CONVERSION = YES;
				GCC_WARN_ABOUT_RETURN_TYPE = YES_ERROR;
				GCC_WARN_UNDECLARED_SELECTOR = YES;
				GCC_WARN_UNINITIALIZED_AUTOS = YES_AGGRESSIVE;
				GCC_WARN_UNUSED_FUNCTION = YES;
				GCC_WARN_UNUSED_VARIABLE = YES;
				IPHONEOS_DEPLOYMENT_TARGET = 12.2;
				MTL_ENABLE_DEBUG_INFO = INCLUDE_SOURCE;
				MTL_FAST_MATH = YES;
				ONLY_ACTIVE_ARCH = YES;
				SDKROOT = iphoneos;
				SWIFT_ACTIVE_COMPILATION_CONDITIONS = DEBUG;
				SWIFT_OPTIMIZATION_LEVEL = "-Onone";
			};
			name = Debug;
		};
		849D11D422C52FF500B638A9 /* Release */ = {
			isa = XCBuildConfiguration;
			buildSettings = {
				ALWAYS_SEARCH_USER_PATHS = NO;
				CLANG_ANALYZER_NONNULL = YES;
				CLANG_ANALYZER_NUMBER_OBJECT_CONVERSION = YES_AGGRESSIVE;
				CLANG_CXX_LANGUAGE_STANDARD = "gnu++14";
				CLANG_CXX_LIBRARY = "libc++";
				CLANG_ENABLE_MODULES = YES;
				CLANG_ENABLE_OBJC_ARC = YES;
				CLANG_ENABLE_OBJC_WEAK = YES;
				CLANG_WARN_BLOCK_CAPTURE_AUTORELEASING = YES;
				CLANG_WARN_BOOL_CONVERSION = YES;
				CLANG_WARN_COMMA = YES;
				CLANG_WARN_CONSTANT_CONVERSION = YES;
				CLANG_WARN_DEPRECATED_OBJC_IMPLEMENTATIONS = YES;
				CLANG_WARN_DIRECT_OBJC_ISA_USAGE = YES_ERROR;
				CLANG_WARN_DOCUMENTATION_COMMENTS = YES;
				CLANG_WARN_EMPTY_BODY = YES;
				CLANG_WARN_ENUM_CONVERSION = YES;
				CLANG_WARN_INFINITE_RECURSION = YES;
				CLANG_WARN_INT_CONVERSION = YES;
				CLANG_WARN_NON_LITERAL_NULL_CONVERSION = YES;
				CLANG_WARN_OBJC_IMPLICIT_RETAIN_SELF = YES;
				CLANG_WARN_OBJC_LITERAL_CONVERSION = YES;
				CLANG_WARN_OBJC_ROOT_CLASS = YES_ERROR;
				CLANG_WARN_RANGE_LOOP_ANALYSIS = YES;
				CLANG_WARN_STRICT_PROTOTYPES = YES;
				CLANG_WARN_SUSPICIOUS_MOVE = YES;
				CLANG_WARN_UNGUARDED_AVAILABILITY = YES_AGGRESSIVE;
				CLANG_WARN_UNREACHABLE_CODE = YES;
				CLANG_WARN__DUPLICATE_METHOD_MATCH = YES;
				CODE_SIGN_IDENTITY = "iPhone Developer";
				COPY_PHASE_STRIP = NO;
				DEBUG_INFORMATION_FORMAT = "dwarf-with-dsym";
				ENABLE_NS_ASSERTIONS = NO;
				ENABLE_STRICT_OBJC_MSGSEND = YES;
				GCC_C_LANGUAGE_STANDARD = gnu11;
				GCC_NO_COMMON_BLOCKS = YES;
				GCC_WARN_64_TO_32_BIT_CONVERSION = YES;
				GCC_WARN_ABOUT_RETURN_TYPE = YES_ERROR;
				GCC_WARN_UNDECLARED_SELECTOR = YES;
				GCC_WARN_UNINITIALIZED_AUTOS = YES_AGGRESSIVE;
				GCC_WARN_UNUSED_FUNCTION = YES;
				GCC_WARN_UNUSED_VARIABLE = YES;
				IPHONEOS_DEPLOYMENT_TARGET = 12.2;
				MTL_ENABLE_DEBUG_INFO = NO;
				MTL_FAST_MATH = YES;
				SDKROOT = iphoneos;
				SWIFT_COMPILATION_MODE = wholemodule;
				SWIFT_OPTIMIZATION_LEVEL = "-O";
				VALIDATE_PRODUCT = YES;
			};
			name = Release;
		};
		849D11D622C52FF500B638A9 /* Debug */ = {
			isa = XCBuildConfiguration;
			buildSettings = {
				ASSETCATALOG_COMPILER_APPICON_NAME = AppIcon;
				CODE_SIGN_STYLE = Automatic;
				DEVELOPMENT_TEAM = VN97T24A36;
				INFOPLIST_FILE = RoundUpFeature_StarlingBank/Info.plist;
				LD_RUNPATH_SEARCH_PATHS = (
					"$(inherited)",
					"@executable_path/Frameworks",
				);
				PRODUCT_BUNDLE_IDENTIFIER = "hub.RoundUpFeature-StarlingBank";
				PRODUCT_NAME = "$(TARGET_NAME)";
				SWIFT_VERSION = 5.0;
				TARGETED_DEVICE_FAMILY = "1,2";
			};
			name = Debug;
		};
		849D11D722C52FF500B638A9 /* Release */ = {
			isa = XCBuildConfiguration;
			buildSettings = {
				ASSETCATALOG_COMPILER_APPICON_NAME = AppIcon;
				CODE_SIGN_STYLE = Automatic;
				DEVELOPMENT_TEAM = VN97T24A36;
				INFOPLIST_FILE = RoundUpFeature_StarlingBank/Info.plist;
				LD_RUNPATH_SEARCH_PATHS = (
					"$(inherited)",
					"@executable_path/Frameworks",
				);
				PRODUCT_BUNDLE_IDENTIFIER = "hub.RoundUpFeature-StarlingBank";
				PRODUCT_NAME = "$(TARGET_NAME)";
				SWIFT_VERSION = 5.0;
				TARGETED_DEVICE_FAMILY = "1,2";
			};
			name = Release;
		};
		849D11D922C52FF500B638A9 /* Debug */ = {
			isa = XCBuildConfiguration;
			buildSettings = {
				ALWAYS_EMBED_SWIFT_STANDARD_LIBRARIES = YES;
				BUNDLE_LOADER = "$(TEST_HOST)";
				CODE_SIGN_STYLE = Automatic;
				DEVELOPMENT_TEAM = VN97T24A36;
				INFOPLIST_FILE = RoundUpFeature_StarlingBankTests/Info.plist;
				LD_RUNPATH_SEARCH_PATHS = (
					"$(inherited)",
					"@executable_path/Frameworks",
					"@loader_path/Frameworks",
				);
				PRODUCT_BUNDLE_IDENTIFIER = "hub.RoundUpFeature-StarlingBankTests";
				PRODUCT_NAME = "$(TARGET_NAME)";
				SWIFT_VERSION = 5.0;
				TARGETED_DEVICE_FAMILY = "1,2";
				TEST_HOST = "$(BUILT_PRODUCTS_DIR)/RoundUpFeature_StarlingBank.app/RoundUpFeature_StarlingBank";
			};
			name = Debug;
		};
		849D11DA22C52FF500B638A9 /* Release */ = {
			isa = XCBuildConfiguration;
			buildSettings = {
				ALWAYS_EMBED_SWIFT_STANDARD_LIBRARIES = YES;
				BUNDLE_LOADER = "$(TEST_HOST)";
				CODE_SIGN_STYLE = Automatic;
				DEVELOPMENT_TEAM = VN97T24A36;
				INFOPLIST_FILE = RoundUpFeature_StarlingBankTests/Info.plist;
				LD_RUNPATH_SEARCH_PATHS = (
					"$(inherited)",
					"@executable_path/Frameworks",
					"@loader_path/Frameworks",
				);
				PRODUCT_BUNDLE_IDENTIFIER = "hub.RoundUpFeature-StarlingBankTests";
				PRODUCT_NAME = "$(TARGET_NAME)";
				SWIFT_VERSION = 5.0;
				TARGETED_DEVICE_FAMILY = "1,2";
				TEST_HOST = "$(BUILT_PRODUCTS_DIR)/RoundUpFeature_StarlingBank.app/RoundUpFeature_StarlingBank";
			};
			name = Release;
		};
		849D11DC22C52FF500B638A9 /* Debug */ = {
			isa = XCBuildConfiguration;
			buildSettings = {
				ALWAYS_EMBED_SWIFT_STANDARD_LIBRARIES = YES;
				CODE_SIGN_STYLE = Automatic;
				DEVELOPMENT_TEAM = VN97T24A36;
				INFOPLIST_FILE = RoundUpFeature_StarlingBankUITests/Info.plist;
				LD_RUNPATH_SEARCH_PATHS = (
					"$(inherited)",
					"@executable_path/Frameworks",
					"@loader_path/Frameworks",
				);
				PRODUCT_BUNDLE_IDENTIFIER = "hub.RoundUpFeature-StarlingBankUITests";
				PRODUCT_NAME = "$(TARGET_NAME)";
				SWIFT_VERSION = 5.0;
				TARGETED_DEVICE_FAMILY = "1,2";
				TEST_TARGET_NAME = RoundUpFeature_StarlingBank;
			};
			name = Debug;
		};
		849D11DD22C52FF500B638A9 /* Release */ = {
			isa = XCBuildConfiguration;
			buildSettings = {
				ALWAYS_EMBED_SWIFT_STANDARD_LIBRARIES = YES;
				CODE_SIGN_STYLE = Automatic;
				DEVELOPMENT_TEAM = VN97T24A36;
				INFOPLIST_FILE = RoundUpFeature_StarlingBankUITests/Info.plist;
				LD_RUNPATH_SEARCH_PATHS = (
					"$(inherited)",
					"@executable_path/Frameworks",
					"@loader_path/Frameworks",
				);
				PRODUCT_BUNDLE_IDENTIFIER = "hub.RoundUpFeature-StarlingBankUITests";
				PRODUCT_NAME = "$(TARGET_NAME)";
				SWIFT_VERSION = 5.0;
				TARGETED_DEVICE_FAMILY = "1,2";
				TEST_TARGET_NAME = RoundUpFeature_StarlingBank;
			};
			name = Release;
		};
/* End XCBuildConfiguration section */

/* Begin XCConfigurationList section */
		849D11A822C52FF200B638A9 /* Build configuration list for PBXProject "RoundUpFeature_StarlingBank" */ = {
			isa = XCConfigurationList;
			buildConfigurations = (
				849D11D322C52FF500B638A9 /* Debug */,
				849D11D422C52FF500B638A9 /* Release */,
			);
			defaultConfigurationIsVisible = 0;
			defaultConfigurationName = Release;
		};
		849D11D522C52FF500B638A9 /* Build configuration list for PBXNativeTarget "RoundUpFeature_StarlingBank" */ = {
			isa = XCConfigurationList;
			buildConfigurations = (
				849D11D622C52FF500B638A9 /* Debug */,
				849D11D722C52FF500B638A9 /* Release */,
			);
			defaultConfigurationIsVisible = 0;
			defaultConfigurationName = Release;
		};
		849D11D822C52FF500B638A9 /* Build configuration list for PBXNativeTarget "RoundUpFeature_StarlingBankTests" */ = {
			isa = XCConfigurationList;
			buildConfigurations = (
				849D11D922C52FF500B638A9 /* Debug */,
				849D11DA22C52FF500B638A9 /* Release */,
			);
			defaultConfigurationIsVisible = 0;
			defaultConfigurationName = Release;
		};
		849D11DB22C52FF500B638A9 /* Build configuration list for PBXNativeTarget "RoundUpFeature_StarlingBankUITests" */ = {
			isa = XCConfigurationList;
			buildConfigurations = (
				849D11DC22C52FF500B638A9 /* Debug */,
				849D11DD22C52FF500B638A9 /* Release */,
			);
			defaultConfigurationIsVisible = 0;
			defaultConfigurationName = Release;
		};
/* End XCConfigurationList section */
	};
	rootObject = 849D11A522C52FF200B638A9 /* Project object */;
}
